
Microsoft Visual Studio Solution File, Format Version 12.00
# Visual Studio 2012
Project("{FAE04EC0-301F-11D3-BF4B-00C04F79EFBC}") = "ClassProj", "ClassProj\ClassProj.csproj", "{DFDC5E05-633D-4287-9F8B-22B97DD81FC5}"
EndProject
Global
	GlobalSection(SolutionConfigurationPlatforms) = preSolution
		Debug|x86 = Debug|x86
		Release|x86 = Release|x86
	EndGlobalSection
	GlobalSection(ProjectConfigurationPlatforms) = postSolution
		{DFDC5E05-633D-4287-9F8B-22B97DD81FC5}.Debug|x86.ActiveCfg = Debug|x86
		{DFDC5E05-633D-4287-9F8B-22B97DD81FC5}.Debug|x86.Build.0 = Debug|x86
		{DFDC5E05-633D-4287-9F8B-22B97DD81FC5}.Release|x86.ActiveCfg = Release|x86
		{DFDC5E05-633D-4287-9F8B-22B97DD81FC5}.Release|x86.Build.0 = Release|x86
	EndGlobalSection
EndGlobal
